// !$*UTF8*$!
{
	archiveVersion = 1;
	classes = {
	};
	objectVersion = 48;
	objects = {

/* Begin PBXBuildFile section */
		0BE2C72A8AF20DBDEAF2D529 /* Pods_Pogoda.framework in Frameworks */ = {isa = PBXBuildFile; fileRef = E1C307C5BB76A136049A7EF4 /* Pods_Pogoda.framework */; };
		7F0CAC821FFBB1D300A6B19C /* Forecast.swift in Sources */ = {isa = PBXBuildFile; fileRef = 7F0CAC811FFBB1D300A6B19C /* Forecast.swift */; };
		7F1741871FFABA4900710B06 /* AppDelegate.swift in Sources */ = {isa = PBXBuildFile; fileRef = 7F1741861FFABA4900710B06 /* AppDelegate.swift */; };
		7F1741891FFABA4900710B06 /* WeatherVC.swift in Sources */ = {isa = PBXBuildFile; fileRef = 7F1741881FFABA4900710B06 /* WeatherVC.swift */; };
		7F17418C1FFABA4900710B06 /* Main.storyboard in Resources */ = {isa = PBXBuildFile; fileRef = 7F17418A1FFABA4900710B06 /* Main.storyboard */; };
		7F17418E1FFABA4900710B06 /* Assets.xcassets in Resources */ = {isa = PBXBuildFile; fileRef = 7F17418D1FFABA4900710B06 /* Assets.xcassets */; };
		7F1741911FFABA4900710B06 /* LaunchScreen.storyboard in Resources */ = {isa = PBXBuildFile; fileRef = 7F17418F1FFABA4900710B06 /* LaunchScreen.storyboard */; };
		7F17419C1FFABA4900710B06 /* PogodaTests.swift in Sources */ = {isa = PBXBuildFile; fileRef = 7F17419B1FFABA4900710B06 /* PogodaTests.swift */; };
		7F1741A71FFABA4900710B06 /* PogodaUITests.swift in Sources */ = {isa = PBXBuildFile; fileRef = 7F1741A61FFABA4900710B06 /* PogodaUITests.swift */; };
		7F1F14991FFCFC28009EF25A /* WeatherCell.swift in Sources */ = {isa = PBXBuildFile; fileRef = 7F1F14981FFCFC28009EF25A /* WeatherCell.swift */; };
		7F3153B31FFAE2A200FB05AB /* Constants.swift in Sources */ = {isa = PBXBuildFile; fileRef = 7F3153B21FFAE2A200FB05AB /* Constants.swift */; };
		7F3153B51FFAE4FB00FB05AB /* cuurrentWeather.swift in Sources */ = {isa = PBXBuildFile; fileRef = 7F3153B41FFAE4FB00FB05AB /* cuurrentWeather.swift */; };
		7FEC896B1FFE51A500CF814C /* Location.swift in Sources */ = {isa = PBXBuildFile; fileRef = 7FEC896A1FFE51A500CF814C /* Location.swift */; };
/* End PBXBuildFile section */

/* Begin PBXContainerItemProxy section */
		7F1741981FFABA4900710B06 /* PBXContainerItemProxy */ = {
			isa = PBXContainerItemProxy;
			containerPortal = 7F17417B1FFABA4900710B06 /* Project object */;
			proxyType = 1;
			remoteGlobalIDString = 7F1741821FFABA4900710B06;
			remoteInfo = Pogoda;
		};
		7F1741A31FFABA4900710B06 /* PBXContainerItemProxy */ = {
			isa = PBXContainerItemProxy;
			containerPortal = 7F17417B1FFABA4900710B06 /* Project object */;
			proxyType = 1;
			remoteGlobalIDString = 7F1741821FFABA4900710B06;
			remoteInfo = Pogoda;
		};
/* End PBXContainerItemProxy section */

/* Begin PBXFileReference section */
		3D0D0200AE4A9423B0F55858 /* Pods-Pogoda.debug.xcconfig */ = {isa = PBXFileReference; includeInIndex = 1; lastKnownFileType = text.xcconfig; name = "Pods-Pogoda.debug.xcconfig"; path = "Pods/Target Support Files/Pods-Pogoda/Pods-Pogoda.debug.xcconfig"; sourceTree = "<group>"; };
		7F0CAC811FFBB1D300A6B19C /* Forecast.swift */ = {isa = PBXFileReference; lastKnownFileType = sourcecode.swift; path = Forecast.swift; sourceTree = "<group>"; };
		7F1741831FFABA4900710B06 /* Pogoda.app */ = {isa = PBXFileReference; explicitFileType = wrapper.application; includeInIndex = 0; path = Pogoda.app; sourceTree = BUILT_PRODUCTS_DIR; };
		7F1741861FFABA4900710B06 /* AppDelegate.swift */ = {isa = PBXFileReference; lastKnownFileType = sourcecode.swift; path = AppDelegate.swift; sourceTree = "<group>"; };
		7F1741881FFABA4900710B06 /* WeatherVC.swift */ = {isa = PBXFileReference; lastKnownFileType = sourcecode.swift; path = WeatherVC.swift; sourceTree = "<group>"; };
		7F17418B1FFABA4900710B06 /* Base */ = {isa = PBXFileReference; lastKnownFileType = file.storyboard; name = Base; path = Base.lproj/Main.storyboard; sourceTree = "<group>"; };
		7F17418D1FFABA4900710B06 /* Assets.xcassets */ = {isa = PBXFileReference; lastKnownFileType = folder.assetcatalog; path = Assets.xcassets; sourceTree = "<group>"; };
		7F1741901FFABA4900710B06 /* Base */ = {isa = PBXFileReference; lastKnownFileType = file.storyboard; name = Base; path = Base.lproj/LaunchScreen.storyboard; sourceTree = "<group>"; };
		7F1741921FFABA4900710B06 /* Info.plist */ = {isa = PBXFileReference; lastKnownFileType = text.plist.xml; path = Info.plist; sourceTree = "<group>"; };
		7F1741971FFABA4900710B06 /* PogodaTests.xctest */ = {isa = PBXFileReference; explicitFileType = wrapper.cfbundle; includeInIndex = 0; path = PogodaTests.xctest; sourceTree = BUILT_PRODUCTS_DIR; };
		7F17419B1FFABA4900710B06 /* PogodaTests.swift */ = {isa = PBXFileReference; lastKnownFileType = sourcecode.swift; path = PogodaTests.swift; sourceTree = "<group>"; };
		7F17419D1FFABA4900710B06 /* Info.plist */ = {isa = PBXFileReference; lastKnownFileType = text.plist.xml; path = Info.plist; sourceTree = "<group>"; };
		7F1741A21FFABA4900710B06 /* PogodaUITests.xctest */ = {isa = PBXFileReference; explicitFileType = wrapper.cfbundle; includeInIndex = 0; path = PogodaUITests.xctest; sourceTree = BUILT_PRODUCTS_DIR; };
		7F1741A61FFABA4900710B06 /* PogodaUITests.swift */ = {isa = PBXFileReference; lastKnownFileType = sourcecode.swift; path = PogodaUITests.swift; sourceTree = "<group>"; };
		7F1741A81FFABA4900710B06 /* Info.plist */ = {isa = PBXFileReference; lastKnownFileType = text.plist.xml; path = Info.plist; sourceTree = "<group>"; };
		7F1F14981FFCFC28009EF25A /* WeatherCell.swift */ = {isa = PBXFileReference; lastKnownFileType = sourcecode.swift; path = WeatherCell.swift; sourceTree = "<group>"; };
		7F3153B21FFAE2A200FB05AB /* Constants.swift */ = {isa = PBXFileReference; lastKnownFileType = sourcecode.swift; path = Constants.swift; sourceTree = "<group>"; };
		7F3153B41FFAE4FB00FB05AB /* cuurrentWeather.swift */ = {isa = PBXFileReference; lastKnownFileType = sourcecode.swift; path = cuurrentWeather.swift; sourceTree = "<group>"; };
		7FEC896A1FFE51A500CF814C /* Location.swift */ = {isa = PBXFileReference; fileEncoding = 4; lastKnownFileType = sourcecode.swift; path = Location.swift; sourceTree = "<group>"; };
		E1C307C5BB76A136049A7EF4 /* Pods_Pogoda.framework */ = {isa = PBXFileReference; explicitFileType = wrapper.framework; includeInIndex = 0; path = Pods_Pogoda.framework; sourceTree = BUILT_PRODUCTS_DIR; };
		F0838CF77E3FC94D4714DC14 /* Pods-Pogoda.release.xcconfig */ = {isa = PBXFileReference; includeInIndex = 1; lastKnownFileType = text.xcconfig; name = "Pods-Pogoda.release.xcconfig"; path = "Pods/Target Support Files/Pods-Pogoda/Pods-Pogoda.release.xcconfig"; sourceTree = "<group>"; };
/* End PBXFileReference section */

/* Begin PBXFrameworksBuildPhase section */
		7F1741801FFABA4900710B06 /* Frameworks */ = {
			isa = PBXFrameworksBuildPhase;
			buildActionMask = 2147483647;
			files = (
				0BE2C72A8AF20DBDEAF2D529 /* Pods_Pogoda.framework in Frameworks */,
			);
			runOnlyForDeploymentPostprocessing = 0;
		};
		7F1741941FFABA4900710B06 /* Frameworks */ = {
			isa = PBXFrameworksBuildPhase;
			buildActionMask = 2147483647;
			files = (
			);
			runOnlyForDeploymentPostprocessing = 0;
		};
		7F17419F1FFABA4900710B06 /* Frameworks */ = {
			isa = PBXFrameworksBuildPhase;
			buildActionMask = 2147483647;
			files = (
			);
			runOnlyForDeploymentPostprocessing = 0;
		};
/* End PBXFrameworksBuildPhase section */

/* Begin PBXGroup section */
		7F17417A1FFABA4900710B06 = {
			isa = PBXGroup;
			children = (
				7F1741851FFABA4900710B06 /* Pogoda */,
				7F17419A1FFABA4900710B06 /* PogodaTests */,
				7F1741A51FFABA4900710B06 /* PogodaUITests */,
				7F1741841FFABA4900710B06 /* Products */,
				93FD7816C496CE6F2613414C /* Pods */,
				B81BE8D7DB6FC452B1C8A0D0 /* Frameworks */,
			);
			sourceTree = "<group>";
		};
		7F1741841FFABA4900710B06 /* Products */ = {
			isa = PBXGroup;
			children = (
				7F1741831FFABA4900710B06 /* Pogoda.app */,
				7F1741971FFABA4900710B06 /* PogodaTests.xctest */,
				7F1741A21FFABA4900710B06 /* PogodaUITests.xctest */,
			);
			name = Products;
			sourceTree = "<group>";
		};
		7F1741851FFABA4900710B06 /* Pogoda */ = {
			isa = PBXGroup;
			children = (
				7F1741861FFABA4900710B06 /* AppDelegate.swift */,
				7F1741881FFABA4900710B06 /* WeatherVC.swift */,
				7F17418A1FFABA4900710B06 /* Main.storyboard */,
				7F17418D1FFABA4900710B06 /* Assets.xcassets */,
				7F17418F1FFABA4900710B06 /* LaunchScreen.storyboard */,
				7F1741921FFABA4900710B06 /* Info.plist */,
				7F3153B21FFAE2A200FB05AB /* Constants.swift */,
				7F3153B41FFAE4FB00FB05AB /* cuurrentWeather.swift */,
				7F0CAC811FFBB1D300A6B19C /* Forecast.swift */,
				7F1F14981FFCFC28009EF25A /* WeatherCell.swift */,
				7FEC896A1FFE51A500CF814C /* Location.swift */,
			);
			path = Pogoda;
			sourceTree = "<group>";
		};
		7F17419A1FFABA4900710B06 /* PogodaTests */ = {
			isa = PBXGroup;
			children = (
				7F17419B1FFABA4900710B06 /* PogodaTests.swift */,
				7F17419D1FFABA4900710B06 /* Info.plist */,
			);
			path = PogodaTests;
			sourceTree = "<group>";
		};
		7F1741A51FFABA4900710B06 /* PogodaUITests */ = {
			isa = PBXGroup;
			children = (
				7F1741A61FFABA4900710B06 /* PogodaUITests.swift */,
				7F1741A81FFABA4900710B06 /* Info.plist */,
			);
			path = PogodaUITests;
			sourceTree = "<group>";
		};
		93FD7816C496CE6F2613414C /* Pods */ = {
			isa = PBXGroup;
			children = (
				3D0D0200AE4A9423B0F55858 /* Pods-Pogoda.debug.xcconfig */,
				F0838CF77E3FC94D4714DC14 /* Pods-Pogoda.release.xcconfig */,
			);
			name = Pods;
			sourceTree = "<group>";
		};
		B81BE8D7DB6FC452B1C8A0D0 /* Frameworks */ = {
			isa = PBXGroup;
			children = (
				E1C307C5BB76A136049A7EF4 /* Pods_Pogoda.framework */,
			);
			name = Frameworks;
			sourceTree = "<group>";
		};
/* End PBXGroup section */

/* Begin PBXNativeTarget section */
		7F1741821FFABA4900710B06 /* Pogoda */ = {
			isa = PBXNativeTarget;
			buildConfigurationList = 7F1741AB1FFABA4900710B06 /* Build configuration list for PBXNativeTarget "Pogoda" */;
			buildPhases = (
				1211588721F68BF0671AD3A0 /* [CP] Check Pods Manifest.lock */,
				7F17417F1FFABA4900710B06 /* Sources */,
				7F1741801FFABA4900710B06 /* Frameworks */,
				7F1741811FFABA4900710B06 /* Resources */,
				5513ACDA90EDCF729D42D939 /* [CP] Embed Pods Frameworks */,
				EB70D881FE915C589721D98A /* [CP] Copy Pods Resources */,
			);
			buildRules = (
			);
			dependencies = (
			);
			name = Pogoda;
			productName = Pogoda;
			productReference = 7F1741831FFABA4900710B06 /* Pogoda.app */;
			productType = "com.apple.product-type.application";
		};
		7F1741961FFABA4900710B06 /* PogodaTests */ = {
			isa = PBXNativeTarget;
			buildConfigurationList = 7F1741AE1FFABA4900710B06 /* Build configuration list for PBXNativeTarget "PogodaTests" */;
			buildPhases = (
				7F1741931FFABA4900710B06 /* Sources */,
				7F1741941FFABA4900710B06 /* Frameworks */,
				7F1741951FFABA4900710B06 /* Resources */,
			);
			buildRules = (
			);
			dependencies = (
				7F1741991FFABA4900710B06 /* PBXTargetDependency */,
			);
			name = PogodaTests;
			productName = PogodaTests;
			productReference = 7F1741971FFABA4900710B06 /* PogodaTests.xctest */;
			productType = "com.apple.product-type.bundle.unit-test";
		};
		7F1741A11FFABA4900710B06 /* PogodaUITests */ = {
			isa = PBXNativeTarget;
			buildConfigurationList = 7F1741B11FFABA4900710B06 /* Build configuration list for PBXNativeTarget "PogodaUITests" */;
			buildPhases = (
				7F17419E1FFABA4900710B06 /* Sources */,
				7F17419F1FFABA4900710B06 /* Frameworks */,
				7F1741A01FFABA4900710B06 /* Resources */,
			);
			buildRules = (
			);
			dependencies = (
				7F1741A41FFABA4900710B06 /* PBXTargetDependency */,
			);
			name = PogodaUITests;
			productName = PogodaUITests;
			productReference = 7F1741A21FFABA4900710B06 /* PogodaUITests.xctest */;
			productType = "com.apple.product-type.bundle.ui-testing";
		};
/* End PBXNativeTarget section */

/* Begin PBXProject section */
		7F17417B1FFABA4900710B06 /* Project object */ = {
			isa = PBXProject;
			attributes = {
				LastSwiftUpdateCheck = 0920;
				LastUpgradeCheck = 0920;
				ORGANIZATIONNAME = "Karol Zmyslowski";
				TargetAttributes = {
					7F1741821FFABA4900710B06 = {
						CreatedOnToolsVersion = 9.2;
						ProvisioningStyle = Automatic;
					};
					7F1741961FFABA4900710B06 = {
						CreatedOnToolsVersion = 9.2;
						ProvisioningStyle = Automatic;
						TestTargetID = 7F1741821FFABA4900710B06;
					};
					7F1741A11FFABA4900710B06 = {
						CreatedOnToolsVersion = 9.2;
						ProvisioningStyle = Automatic;
						TestTargetID = 7F1741821FFABA4900710B06;
					};
				};
			};
			buildConfigurationList = 7F17417E1FFABA4900710B06 /* Build configuration list for PBXProject "Pogoda" */;
			compatibilityVersion = "Xcode 8.0";
			developmentRegion = en;
			hasScannedForEncodings = 0;
			knownRegions = (
				en,
				Base,
			);
			mainGroup = 7F17417A1FFABA4900710B06;
			productRefGroup = 7F1741841FFABA4900710B06 /* Products */;
			projectDirPath = "";
			projectRoot = "";
			targets = (
				7F1741821FFABA4900710B06 /* Pogoda */,
				7F1741961FFABA4900710B06 /* PogodaTests */,
				7F1741A11FFABA4900710B06 /* PogodaUITests */,
			);
		};
/* End PBXProject section */

/* Begin PBXResourcesBuildPhase section */
		7F1741811FFABA4900710B06 /* Resources */ = {
			isa = PBXResourcesBuildPhase;
			buildActionMask = 2147483647;
			files = (
				7F1741911FFABA4900710B06 /* LaunchScreen.storyboard in Resources */,
				7F17418E1FFABA4900710B06 /* Assets.xcassets in Resources */,
				7F17418C1FFABA4900710B06 /* Main.storyboard in Resources */,
			);
			runOnlyForDeploymentPostprocessing = 0;
		};
		7F1741951FFABA4900710B06 /* Resources */ = {
			isa = PBXResourcesBuildPhase;
			buildActionMask = 2147483647;
			files = (
			);
			runOnlyForDeploymentPostprocessing = 0;
		};
		7F1741A01FFABA4900710B06 /* Resources */ = {
			isa = PBXResourcesBuildPhase;
			buildActionMask = 2147483647;
			files = (
			);
			runOnlyForDeploymentPostprocessing = 0;
		};
/* End PBXResourcesBuildPhase section */

/* Begin PBXShellScriptBuildPhase section */
		1211588721F68BF0671AD3A0 /* [CP] Check Pods Manifest.lock */ = {
			isa = PBXShellScriptBuildPhase;
			buildActionMask = 2147483647;
			files = (
			);
			inputPaths = (
				"${PODS_PODFILE_DIR_PATH}/Podfile.lock",
				"${PODS_ROOT}/Manifest.lock",
			);
			name = "[CP] Check Pods Manifest.lock";
			outputPaths = (
				"$(DERIVED_FILE_DIR)/Pods-Pogoda-checkManifestLockResult.txt",
			);
			runOnlyForDeploymentPostprocessing = 0;
			shellPath = /bin/sh;
			shellScript = "diff \"${PODS_PODFILE_DIR_PATH}/Podfile.lock\" \"${PODS_ROOT}/Manifest.lock\" > /dev/null\nif [ $? != 0 ] ; then\n    # print error to STDERR\n    echo \"error: The sandbox is not in sync with the Podfile.lock. Run 'pod install' or update your CocoaPods installation.\" >&2\n    exit 1\nfi\n# This output is used by Xcode 'outputs' to avoid re-running this script phase.\necho \"SUCCESS\" > \"${SCRIPT_OUTPUT_FILE_0}\"\n";
			showEnvVarsInLog = 0;
		};
		5513ACDA90EDCF729D42D939 /* [CP] Embed Pods Frameworks */ = {
			isa = PBXShellScriptBuildPhase;
			buildActionMask = 2147483647;
			files = (
			);
			inputPaths = (
				"${SRCROOT}/Pods/Target Support Files/Pods-Pogoda/Pods-Pogoda-frameworks.sh",
				"${BUILT_PRODUCTS_DIR}/Alamofire/Alamofire.framework",
			);
			name = "[CP] Embed Pods Frameworks";
			outputPaths = (
				"${TARGET_BUILD_DIR}/${FRAMEWORKS_FOLDER_PATH}/Alamofire.framework",
			);
			runOnlyForDeploymentPostprocessing = 0;
			shellPath = /bin/sh;
			shellScript = "\"${SRCROOT}/Pods/Target Support Files/Pods-Pogoda/Pods-Pogoda-frameworks.sh\"\n";
			showEnvVarsInLog = 0;
		};
		EB70D881FE915C589721D98A /* [CP] Copy Pods Resources */ = {
			isa = PBXShellScriptBuildPhase;
			buildActionMask = 2147483647;
			files = (
			);
			inputPaths = (
			);
			name = "[CP] Copy Pods Resources";
			outputPaths = (
			);
			runOnlyForDeploymentPostprocessing = 0;
			shellPath = /bin/sh;
			shellScript = "\"${SRCROOT}/Pods/Target Support Files/Pods-Pogoda/Pods-Pogoda-resources.sh\"\n";
			showEnvVarsInLog = 0;
		};
/* End PBXShellScriptBuildPhase section */

/* Begin PBXSourcesBuildPhase section */
		7F17417F1FFABA4900710B06 /* Sources */ = {
			isa = PBXSourcesBuildPhase;
			buildActionMask = 2147483647;
			files = (
				7F3153B51FFAE4FB00FB05AB /* cuurrentWeather.swift in Sources */,
				7F1741891FFABA4900710B06 /* WeatherVC.swift in Sources */,
				7F1F14991FFCFC28009EF25A /* WeatherCell.swift in Sources */,
				7F1741871FFABA4900710B06 /* AppDelegate.swift in Sources */,
				7F3153B31FFAE2A200FB05AB /* Constants.swift in Sources */,
				7F0CAC821FFBB1D300A6B19C /* Forecast.swift in Sources */,
				7FEC896B1FFE51A500CF814C /* Location.swift in Sources */,
			);
			runOnlyForDeploymentPostprocessing = 0;
		};
		7F1741931FFABA4900710B06 /* Sources */ = {
			isa = PBXSourcesBuildPhase;
			buildActionMask = 2147483647;
			files = (
				7F17419C1FFABA4900710B06 /* PogodaTests.swift in Sources */,
			);
			runOnlyForDeploymentPostprocessing = 0;
		};
		7F17419E1FFABA4900710B06 /* Sources */ = {
			isa = PBXSourcesBuildPhase;
			buildActionMask = 2147483647;
			files = (
				7F1741A71FFABA4900710B06 /* PogodaUITests.swift in Sources */,
			);
			runOnlyForDeploymentPostprocessing = 0;
		};
/* End PBXSourcesBuildPhase section */

/* Begin PBXTargetDependency section */
		7F1741991FFABA4900710B06 /* PBXTargetDependency */ = {
			isa = PBXTargetDependency;
			target = 7F1741821FFABA4900710B06 /* Pogoda */;
			targetProxy = 7F1741981FFABA4900710B06 /* PBXContainerItemProxy */;
		};
		7F1741A41FFABA4900710B06 /* PBXTargetDependency */ = {
			isa = PBXTargetDependency;
			target = 7F1741821FFABA4900710B06 /* Pogoda */;
			targetProxy = 7F1741A31FFABA4900710B06 /* PBXContainerItemProxy */;
		};
/* End PBXTargetDependency section */

/* Begin PBXVariantGroup section */
		7F17418A1FFABA4900710B06 /* Main.storyboard */ = {
			isa = PBXVariantGroup;
			children = (
				7F17418B1FFABA4900710B06 /* Base */,
			);
			name = Main.storyboard;
			sourceTree = "<group>";
		};
		7F17418F1FFABA4900710B06 /* LaunchScreen.storyboard */ = {
			isa = PBXVariantGroup;
			children = (
				7F1741901FFABA4900710B06 /* Base */,
			);
			name = LaunchScreen.storyboard;
			sourceTree = "<group>";
		};
/* End PBXVariantGroup section */

/* Begin XCBuildConfiguration section */
		7F1741A91FFABA4900710B06 /* Debug */ = {
			isa = XCBuildConfiguration;
			buildSettings = {
				ALWAYS_SEARCH_USER_PATHS = NO;
				CLANG_ANALYZER_NONNULL = YES;
				CLANG_ANALYZER_NUMBER_OBJECT_CONVERSION = YES_AGGRESSIVE;
				CLANG_CXX_LANGUAGE_STANDARD = "gnu++14";
				CLANG_CXX_LIBRARY = "libc++";
				CLANG_ENABLE_MODULES = YES;
				CLANG_ENABLE_OBJC_ARC = YES;
				CLANG_WARN_BLOCK_CAPTURE_AUTORELEASING = YES;
				CLANG_WARN_BOOL_CONVERSION = YES;
				CLANG_WARN_COMMA = YES;
				CLANG_WARN_CONSTANT_CONVERSION = YES;
				CLANG_WARN_DIRECT_OBJC_ISA_USAGE = YES_ERROR;
				CLANG_WARN_DOCUMENTATION_COMMENTS = YES;
				CLANG_WARN_EMPTY_BODY = YES;
				CLANG_WARN_ENUM_CONVERSION = YES;
				CLANG_WARN_INFINITE_RECURSION = YES;
				CLANG_WARN_INT_CONVERSION = YES;
				CLANG_WARN_NON_LITERAL_NULL_CONVERSION = YES;
				CLANG_WARN_OBJC_LITERAL_CONVERSION = YES;
				CLANG_WARN_OBJC_ROOT_CLASS = YES_ERROR;
				CLANG_WARN_RANGE_LOOP_ANALYSIS = YES;
				CLANG_WARN_STRICT_PROTOTYPES = YES;
				CLANG_WARN_SUSPICIOUS_MOVE = YES;
				CLANG_WARN_UNGUARDED_AVAILABILITY = YES_AGGRESSIVE;
				CLANG_WARN_UNREACHABLE_CODE = YES;
				CLANG_WARN__DUPLICATE_METHOD_MATCH = YES;
				CODE_SIGN_IDENTITY = "iPhone Developer";
				COPY_PHASE_STRIP = NO;
				DEBUG_INFORMATION_FORMAT = dwarf;
				ENABLE_STRICT_OBJC_MSGSEND = YES;
				ENABLE_TESTABILITY = YES;
				GCC_C_LANGUAGE_STANDARD = gnu11;
				GCC_DYNAMIC_NO_PIC = NO;
				GCC_NO_COMMON_BLOCKS = YES;
				GCC_OPTIMIZATION_LEVEL = 0;
				GCC_PREPROCESSOR_DEFINITIONS = (
					"DEBUG=1",
					"$(inherited)",
				);
				GCC_WARN_64_TO_32_BIT_CONVERSION = YES;
				GCC_WARN_ABOUT_RETURN_TYPE = YES_ERROR;
				GCC_WARN_UNDECLARED_SELECTOR = YES;
				GCC_WARN_UNINITIALIZED_AUTOS = YES_AGGRESSIVE;
				GCC_WARN_UNUSED_FUNCTION = YES;
				GCC_WARN_UNUSED_VARIABLE = YES;
				IPHONEOS_DEPLOYMENT_TARGET = 11.2;
				MTL_ENABLE_DEBUG_INFO = YES;
				ONLY_ACTIVE_ARCH = YES;
				SDKROOT = iphoneos;
				SWIFT_ACTIVE_COMPILATION_CONDITIONS = DEBUG;
				SWIFT_OPTIMIZATION_LEVEL = "-Onone";
			};
			name = Debug;
		};
		7F1741AA1FFABA4900710B06 /* Release */ = {
			isa = XCBuildConfiguration;
			buildSettings = {
				ALWAYS_SEARCH_USER_PATHS = NO;
				CLANG_ANALYZER_NONNULL = YES;
				CLANG_ANALYZER_NUMBER_OBJECT_CONVERSION = YES_AGGRESSIVE;
				CLANG_CXX_LANGUAGE_STANDARD = "gnu++14";
				CLANG_CXX_LIBRARY = "libc++";
				CLANG_ENABLE_MODULES = YES;
				CLANG_ENABLE_OBJC_ARC = YES;
				CLANG_WARN_BLOCK_CAPTURE_AUTORELEASING = YES;
				CLANG_WARN_BOOL_CONVERSION = YES;
				CLANG_WARN_COMMA = YES;
				CLANG_WARN_CONSTANT_CONVERSION = YES;
				CLANG_WARN_DIRECT_OBJC_ISA_USAGE = YES_ERROR;
				CLANG_WARN_DOCUMENTATION_COMMENTS = YES;
				CLANG_WARN_EMPTY_BODY = YES;
				CLANG_WARN_ENUM_CONVERSION = YES;
				CLANG_WARN_INFINITE_RECURSION = YES;
				CLANG_WARN_INT_CONVERSION = YES;
				CLANG_WARN_NON_LITERAL_NULL_CONVERSION = YES;
				CLANG_WARN_OBJC_LITERAL_CONVERSION = YES;
				CLANG_WARN_OBJC_ROOT_CLASS = YES_ERROR;
				CLANG_WARN_RANGE_LOOP_ANALYSIS = YES;
				CLANG_WARN_STRICT_PROTOTYPES = YES;
				CLANG_WARN_SUSPICIOUS_MOVE = YES;
				CLANG_WARN_UNGUARDED_AVAILABILITY = YES_AGGRESSIVE;
				CLANG_WARN_UNREACHABLE_CODE = YES;
				CLANG_WARN__DUPLICATE_METHOD_MATCH = YES;
				CODE_SIGN_IDENTITY = "iPhone Developer";
				COPY_PHASE_STRIP = NO;
				DEBUG_INFORMATION_FORMAT = "dwarf-with-dsym";
				ENABLE_NS_ASSERTIONS = NO;
				ENABLE_STRICT_OBJC_MSGSEND = YES;
				GCC_C_LANGUAGE_STANDARD = gnu11;
				GCC_NO_COMMON_BLOCKS = YES;
				GCC_WARN_64_TO_32_BIT_CONVERSION = YES;
				GCC_WARN_ABOUT_RETURN_TYPE = YES_ERROR;
				GCC_WARN_UNDECLARED_SELECTOR = YES;
				GCC_WARN_UNINITIALIZED_AUTOS = YES_AGGRESSIVE;
				GCC_WARN_UNUSED_FUNCTION = YES;
				GCC_WARN_UNUSED_VARIABLE = YES;
				IPHONEOS_DEPLOYMENT_TARGET = 11.2;
				MTL_ENABLE_DEBUG_INFO = NO;
				SDKROOT = iphoneos;
				SWIFT_OPTIMIZATION_LEVEL = "-Owholemodule";
				VALIDATE_PRODUCT = YES;
			};
			name = Release;
		};
		7F1741AC1FFABA4900710B06 /* Debug */ = {
			isa = XCBuildConfiguration;
			baseConfigurationReference = 3D0D0200AE4A9423B0F55858 /* Pods-Pogoda.debug.xcconfig */;
			buildSettings = {
				ASSETCATALOG_COMPILER_APPICON_NAME = AppIcon;
				CODE_SIGN_STYLE = Automatic;
				DEVELOPMENT_TEAM = R2X43E6VD5;
				INFOPLIST_FILE = Pogoda/Info.plist;
				LD_RUNPATH_SEARCH_PATHS = "$(inherited) @executable_path/Frameworks";
				PRODUCT_BUNDLE_IDENTIFIER = karolZmyslowski.Pogoda;
				PRODUCT_NAME = "$(TARGET_NAME)";
				SWIFT_VERSION = 4.0;
				TARGETED_DEVICE_FAMILY = 1;
			};
			name = Debug;
		};
		7F1741AD1FFABA4900710B06 /* Release */ = {
			isa = XCBuildConfiguration;
			baseConfigurationReference = F0838CF77E3FC94D4714DC14 /* Pods-Pogoda.release.xcconfig */;
			buildSettings = {
				ASSETCATALOG_COMPILER_APPICON_NAME = AppIcon;
				CODE_SIGN_STYLE = Automatic;
				DEVELOPMENT_TEAM = R2X43E6VD5;
				INFOPLIST_FILE = Pogoda/Info.plist;
				LD_RUNPATH_SEARCH_PATHS = "$(inherited) @executable_path/Frameworks";
				PRODUCT_BUNDLE_IDENTIFIER = karolZmyslowski.Pogoda;
				PRODUCT_NAME = "$(TARGET_NAME)";
				SWIFT_VERSION = 4.0;
				TARGETED_DEVICE_FAMILY = 1;
			};
			name = Release;
		};
		7F1741AF1FFABA4900710B06 /* Debug */ = {
			isa = XCBuildConfiguration;
			buildSettings = {
				ALWAYS_EMBED_SWIFT_STANDARD_LIBRARIES = YES;
				BUNDLE_LOADER = "$(TEST_HOST)";
				CODE_SIGN_STYLE = Automatic;
				DEVELOPMENT_TEAM = R2X43E6VD5;
				INFOPLIST_FILE = PogodaTests/Info.plist;
				LD_RUNPATH_SEARCH_PATHS = "$(inherited) @executable_path/Frameworks @loader_path/Frameworks";
				PRODUCT_BUNDLE_IDENTIFIER = karolZmyslowski.PogodaTests;
				PRODUCT_NAME = "$(TARGET_NAME)";
				SWIFT_VERSION = 4.0;
				TARGETED_DEVICE_FAMILY = "1,2";
				TEST_HOST = "$(BUILT_PRODUCTS_DIR)/Pogoda.app/Pogoda";
			};
			name = Debug;
		};
		7F1741B01FFABA4900710B06 /* Release */ = {
			isa = XCBuildConfiguration;
			buildSettings = {
				ALWAYS_EMBED_SWIFT_STANDARD_LIBRARIES = YES;
				BUNDLE_LOADER = "$(TEST_HOST)";
				CODE_SIGN_STYLE = Automatic;
				DEVELOPMENT_TEAM = R2X43E6VD5;
				INFOPLIST_FILE = PogodaTests/Info.plist;
				LD_RUNPATH_SEARCH_PATHS = "$(inherited) @executable_path/Frameworks @loader_path/Frameworks";
				PRODUCT_BUNDLE_IDENTIFIER = karolZmyslowski.PogodaTests;
				PRODUCT_NAME = "$(TARGET_NAME)";
				SWIFT_VERSION = 4.0;
				TARGETED_DEVICE_FAMILY = "1,2";
				TEST_HOST = "$(BUILT_PRODUCTS_DIR)/Pogoda.app/Pogoda";
			};
			name = Release;
		};
		7F1741B21FFABA4900710B06 /* Debug */ = {
			isa = XCBuildConfiguration;
			buildSettings = {
				ALWAYS_EMBED_SWIFT_STANDARD_LIBRARIES = YES;
				CODE_SIGN_STYLE = Automatic;
				DEVELOPMENT_TEAM = R2X43E6VD5;
				INFOPLIST_FILE = PogodaUITests/Info.plist;
				LD_RUNPATH_SEARCH_PATHS = "$(inherited) @executable_path/Frameworks @loader_path/Frameworks";
				PRODUCT_BUNDLE_IDENTIFIER = karolZmyslowski.PogodaUITests;
				PRODUCT_NAME = "$(TARGET_NAME)";
				SWIFT_VERSION = 4.0;
				TARGETED_DEVICE_FAMILY = "1,2";
				TEST_TARGET_NAME = Pogoda;
			};
			name = Debug;
		};
		7F1741B31FFABA4900710B06 /* Release */ = {
			isa = XCBuildConfiguration;
			buildSettings = {
				ALWAYS_EMBED_SWIFT_STANDARD_LIBRARIES = YES;
				CODE_SIGN_STYLE = Automatic;
				DEVELOPMENT_TEAM = R2X43E6VD5;
				INFOPLIST_FILE = PogodaUITests/Info.plist;
				LD_RUNPATH_SEARCH_PATHS = "$(inherited) @executable_path/Frameworks @loader_path/Frameworks";
				PRODUCT_BUNDLE_IDENTIFIER = karolZmyslowski.PogodaUITests;
				PRODUCT_NAME = "$(TARGET_NAME)";
				SWIFT_VERSION = 4.0;
				TARGETED_DEVICE_FAMILY = "1,2";
				TEST_TARGET_NAME = Pogoda;
			};
			name = Release;
		};
/* End XCBuildConfiguration section */

/* Begin XCConfigurationList section */
		7F17417E1FFABA4900710B06 /* Build configuration list for PBXProject "Pogoda" */ = {
			isa = XCConfigurationList;
			buildConfigurations = (
				7F1741A91FFABA4900710B06 /* Debug */,
				7F1741AA1FFABA4900710B06 /* Release */,
			);
			defaultConfigurationIsVisible = 0;
			defaultConfigurationName = Release;
		};
		7F1741AB1FFABA4900710B06 /* Build configuration list for PBXNativeTarget "Pogoda" */ = {
			isa = XCConfigurationList;
			buildConfigurations = (
				7F1741AC1FFABA4900710B06 /* Debug */,
				7F1741AD1FFABA4900710B06 /* Release */,
			);
			defaultConfigurationIsVisible = 0;
			defaultConfigurationName = Release;
		};
		7F1741AE1FFABA4900710B06 /* Build configuration list for PBXNativeTarget "PogodaTests" */ = {
			isa = XCConfigurationList;
			buildConfigurations = (
				7F1741AF1FFABA4900710B06 /* Debug */,
				7F1741B01FFABA4900710B06 /* Release */,
			);
			defaultConfigurationIsVisible = 0;
			defaultConfigurationName = Release;
		};
		7F1741B11FFABA4900710B06 /* Build configuration list for PBXNativeTarget "PogodaUITests" */ = {
			isa = XCConfigurationList;
			buildConfigurations = (
				7F1741B21FFABA4900710B06 /* Debug */,
				7F1741B31FFABA4900710B06 /* Release */,
			);
			defaultConfigurationIsVisible = 0;
			defaultConfigurationName = Release;
		};
/* End XCConfigurationList section */
	};
	rootObject = 7F17417B1FFABA4900710B06 /* Project object */;
}
